
Microsoft Visual Studio Solution File, Format Version 12.00
# Visual Studio 14
VisualStudioVersion = 14.0.25420.1
MinimumVisualStudioVersion = 10.0.40219.1
Project("{FAE04EC0-301F-11D3-BF4B-00C04F79EFBC}") = "StreamHandler", "StreamHandler\StreamHandler.csproj", "{9FD96B42-85B9-4521-BCB5-ED21280658B7}"
EndProject
Project("{FAE04EC0-301F-11D3-BF4B-00C04F79EFBC}") = "StreamHandlerTests", "StreamHandlerTest\StreamHandlerTests.csproj", "{39706837-8B3F-4882-AC1F-3C419190FB63}"
EndProject
Project("{FAE04EC0-301F-11D3-BF4B-00C04F79EFBC}") = "SpyTrekHost", "SpyTrekHost\SpyTrekHost.csproj", "{06728DB8-11CD-4C64-AE1C-52CE7480BFA7}"
EndProject
Project("{FAE04EC0-301F-11D3-BF4B-00C04F79EFBC}") = "MessageHandler", "MessageHandler\MessageHandler.csproj", "{F15AEE43-59BF-4559-B5D6-C3A58851CE69}"
EndProject
Project("{FAE04EC0-301F-11D3-BF4B-00C04F79EFBC}") = "MessageHandlerTests", "MessageHandlerTests\MessageHandlerTests.csproj", "{F4072D08-B757-422E-8E15-0BBE577A61B6}"
EndProject
Project("{FAE04EC0-301F-11D3-BF4B-00C04F79EFBC}") = "TrekTreeService", "TrekTreeService\TrekTreeService.csproj", "{264C046B-DC6C-4109-9E97-0DAD425DC0CC}"
EndProject
Project("{FAE04EC0-301F-11D3-BF4B-00C04F79EFBC}") = "TrekTreeServiceHost", "TrekTreeServiceHost\TrekTreeServiceHost.csproj", "{0E011819-BF29-49D4-AE57-93B38C0E4D20}"
EndProject
Project("{FAE04EC0-301F-11D3-BF4B-00C04F79EFBC}") = "TrekTreeServiceTests", "TrekTreeServiceTests\TrekTreeServiceTests.csproj", "{4EAAA59B-A57F-4B54-AEF4-37AA2E9BD392}"
EndProject
Global
	GlobalSection(SolutionConfigurationPlatforms) = preSolution
		Debug|Any CPU = Debug|Any CPU
		Debug|x86 = Debug|x86
		Release|Any CPU = Release|Any CPU
		Release|x86 = Release|x86
	EndGlobalSection
	GlobalSection(ProjectConfigurationPlatforms) = postSolution
		{9FD96B42-85B9-4521-BCB5-ED21280658B7}.Debug|Any CPU.ActiveCfg = Debug|Any CPU
		{9FD96B42-85B9-4521-BCB5-ED21280658B7}.Debug|Any CPU.Build.0 = Debug|Any CPU
		{9FD96B42-85B9-4521-BCB5-ED21280658B7}.Debug|x86.ActiveCfg = Debug|Any CPU
		{9FD96B42-85B9-4521-BCB5-ED21280658B7}.Debug|x86.Build.0 = Debug|Any CPU
		{9FD96B42-85B9-4521-BCB5-ED21280658B7}.Release|Any CPU.ActiveCfg = Release|Any CPU
		{9FD96B42-85B9-4521-BCB5-ED21280658B7}.Release|Any CPU.Build.0 = Release|Any CPU
		{9FD96B42-85B9-4521-BCB5-ED21280658B7}.Release|x86.ActiveCfg = Release|Any CPU
		{9FD96B42-85B9-4521-BCB5-ED21280658B7}.Release|x86.Build.0 = Release|Any CPU
		{39706837-8B3F-4882-AC1F-3C419190FB63}.Debug|Any CPU.ActiveCfg = Debug|Any CPU
		{39706837-8B3F-4882-AC1F-3C419190FB63}.Debug|Any CPU.Build.0 = Debug|Any CPU
		{39706837-8B3F-4882-AC1F-3C419190FB63}.Debug|x86.ActiveCfg = Debug|Any CPU
		{39706837-8B3F-4882-AC1F-3C419190FB63}.Debug|x86.Build.0 = Debug|Any CPU
		{39706837-8B3F-4882-AC1F-3C419190FB63}.Release|Any CPU.ActiveCfg = Release|Any CPU
		{39706837-8B3F-4882-AC1F-3C419190FB63}.Release|Any CPU.Build.0 = Release|Any CPU
		{39706837-8B3F-4882-AC1F-3C419190FB63}.Release|x86.ActiveCfg = Release|Any CPU
		{39706837-8B3F-4882-AC1F-3C419190FB63}.Release|x86.Build.0 = Release|Any CPU
		{06728DB8-11CD-4C64-AE1C-52CE7480BFA7}.Debug|Any CPU.ActiveCfg = Debug|Any CPU
		{06728DB8-11CD-4C64-AE1C-52CE7480BFA7}.Debug|Any CPU.Build.0 = Debug|Any CPU
		{06728DB8-11CD-4C64-AE1C-52CE7480BFA7}.Debug|x86.ActiveCfg = Debug|Any CPU
		{06728DB8-11CD-4C64-AE1C-52CE7480BFA7}.Debug|x86.Build.0 = Debug|Any CPU
		{06728DB8-11CD-4C64-AE1C-52CE7480BFA7}.Release|Any CPU.ActiveCfg = Release|Any CPU
		{06728DB8-11CD-4C64-AE1C-52CE7480BFA7}.Release|Any CPU.Build.0 = Release|Any CPU
		{06728DB8-11CD-4C64-AE1C-52CE7480BFA7}.Release|x86.ActiveCfg = Release|Any CPU
		{06728DB8-11CD-4C64-AE1C-52CE7480BFA7}.Release|x86.Build.0 = Release|Any CPU
		{F15AEE43-59BF-4559-B5D6-C3A58851CE69}.Debug|Any CPU.ActiveCfg = Debug|Any CPU
		{F15AEE43-59BF-4559-B5D6-C3A58851CE69}.Debug|Any CPU.Build.0 = Debug|Any CPU
		{F15AEE43-59BF-4559-B5D6-C3A58851CE69}.Debug|x86.ActiveCfg = Debug|Any CPU
		{F15AEE43-59BF-4559-B5D6-C3A58851CE69}.Debug|x86.Build.0 = Debug|Any CPU
		{F15AEE43-59BF-4559-B5D6-C3A58851CE69}.Release|Any CPU.ActiveCfg = Release|Any CPU
		{F15AEE43-59BF-4559-B5D6-C3A58851CE69}.Release|Any CPU.Build.0 = Release|Any CPU
		{F15AEE43-59BF-4559-B5D6-C3A58851CE69}.Release|x86.ActiveCfg = Release|Any CPU
		{F15AEE43-59BF-4559-B5D6-C3A58851CE69}.Release|x86.Build.0 = Release|Any CPU
		{F4072D08-B757-422E-8E15-0BBE577A61B6}.Debug|Any CPU.ActiveCfg = Debug|Any CPU
		{F4072D08-B757-422E-8E15-0BBE577A61B6}.Debug|Any CPU.Build.0 = Debug|Any CPU
		{F4072D08-B757-422E-8E15-0BBE577A61B6}.Debug|x86.ActiveCfg = Debug|Any CPU
		{F4072D08-B757-422E-8E15-0BBE577A61B6}.Debug|x86.Build.0 = Debug|Any CPU
		{F4072D08-B757-422E-8E15-0BBE577A61B6}.Release|Any CPU.ActiveCfg = Release|Any CPU
		{F4072D08-B757-422E-8E15-0BBE577A61B6}.Release|Any CPU.Build.0 = Release|Any CPU
		{F4072D08-B757-422E-8E15-0BBE577A61B6}.Release|x86.ActiveCfg = Release|Any CPU
		{F4072D08-B757-422E-8E15-0BBE577A61B6}.Release|x86.Build.0 = Release|Any CPU
		{264C046B-DC6C-4109-9E97-0DAD425DC0CC}.Debug|Any CPU.ActiveCfg = Debug|Any CPU
		{264C046B-DC6C-4109-9E97-0DAD425DC0CC}.Debug|Any CPU.Build.0 = Debug|Any CPU
		{264C046B-DC6C-4109-9E97-0DAD425DC0CC}.Debug|x86.ActiveCfg = Debug|Any CPU
		{264C046B-DC6C-4109-9E97-0DAD425DC0CC}.Debug|x86.Build.0 = Debug|Any CPU
		{264C046B-DC6C-4109-9E97-0DAD425DC0CC}.Release|Any CPU.ActiveCfg = Release|Any CPU
		{264C046B-DC6C-4109-9E97-0DAD425DC0CC}.Release|Any CPU.Build.0 = Release|Any CPU
		{264C046B-DC6C-4109-9E97-0DAD425DC0CC}.Release|x86.ActiveCfg = Release|Any CPU
		{264C046B-DC6C-4109-9E97-0DAD425DC0CC}.Release|x86.Build.0 = Release|Any CPU
		{0E011819-BF29-49D4-AE57-93B38C0E4D20}.Debug|Any CPU.ActiveCfg = Debug|Any CPU
		{0E011819-BF29-49D4-AE57-93B38C0E4D20}.Debug|Any CPU.Build.0 = Debug|Any CPU
		{0E011819-BF29-49D4-AE57-93B38C0E4D20}.Debug|x86.ActiveCfg = Debug|Any CPU
		{0E011819-BF29-49D4-AE57-93B38C0E4D20}.Debug|x86.Build.0 = Debug|Any CPU
		{0E011819-BF29-49D4-AE57-93B38C0E4D20}.Release|Any CPU.ActiveCfg = Release|Any CPU
		{0E011819-BF29-49D4-AE57-93B38C0E4D20}.Release|Any CPU.Build.0 = Release|Any CPU
		{0E011819-BF29-49D4-AE57-93B38C0E4D20}.Release|x86.ActiveCfg = Release|Any CPU
		{0E011819-BF29-49D4-AE57-93B38C0E4D20}.Release|x86.Build.0 = Release|Any CPU
		{4EAAA59B-A57F-4B54-AEF4-37AA2E9BD392}.Debug|Any CPU.ActiveCfg = Debug|Any CPU
		{4EAAA59B-A57F-4B54-AEF4-37AA2E9BD392}.Debug|Any CPU.Build.0 = Debug|Any CPU
		{4EAAA59B-A57F-4B54-AEF4-37AA2E9BD392}.Debug|x86.ActiveCfg = Debug|Any CPU
		{4EAAA59B-A57F-4B54-AEF4-37AA2E9BD392}.Debug|x86.Build.0 = Debug|Any CPU
		{4EAAA59B-A57F-4B54-AEF4-37AA2E9BD392}.Release|Any CPU.ActiveCfg = Release|Any CPU
		{4EAAA59B-A57F-4B54-AEF4-37AA2E9BD392}.Release|Any CPU.Build.0 = Release|Any CPU
		{4EAAA59B-A57F-4B54-AEF4-37AA2E9BD392}.Release|x86.ActiveCfg = Release|Any CPU
		{4EAAA59B-A57F-4B54-AEF4-37AA2E9BD392}.Release|x86.Build.0 = Release|Any CPU
	EndGlobalSection
	GlobalSection(SolutionProperties) = preSolution
		HideSolutionNode = FALSE
	EndGlobalSection
EndGlobal
